Microsoft Visual Studio Solution File, Format Version 12.00
# Visual Studio 15
VisualStudioVersion = 15.0.26711.1
MinimumVisualStudioVersion = 15.0.26124.0
Project("{2150E333-8FDC-42A3-9474-1A3956D46DE8}") = "src", "src", "{E8662E36-A896-4E82-A4CB-0D142E48A332}"
EndProject
Project("{9A19103F-16F7-4668-BE54-9A1E7A4F7556}") = "DigitalParadox.Parsers.Json", "src\DigitalParadox.Parsers.Json\DigitalParadox.Parsers.Json.csproj", "{7DA85879-7672-466E-922F-1AA2051F1729}"
EndProject
Project("{9A19103F-16F7-4668-BE54-9A1E7A4F7556}") = "DigitalParadox.Parsers.Yaml", "src\DigitalParadox.Parsers.Yaml\DigitalParadox.Parsers.Yaml.csproj", "{88AAEFE7-2950-46DB-A93D-AD0261BA9E6C}"
EndProject
Project("{9A19103F-16F7-4668-BE54-9A1E7A4F7556}") = "DigitalParadox.Parsers", "src\DigitalParadox.Parsers\DigitalParadox.Parsers.csproj", "{00D40FBE-2B01-4026-ACE2-B2A8C648EFA8}"
EndProject
Global
	GlobalSection(SolutionConfigurationPlatforms) = preSolution
		Debug|Any CPU = Debug|Any CPU
		Debug|x64 = Debug|x64
		Debug|x86 = Debug|x86
		Release|Any CPU = Release|Any CPU
		Release|x64 = Release|x64
		Release|x86 = Release|x86
	EndGlobalSection
	GlobalSection(ProjectConfigurationPlatforms) = postSolution
		{7DA85879-7672-466E-922F-1AA2051F1729}.Debug|Any CPU.ActiveCfg = Debug|Any CPU
		{7DA85879-7672-466E-922F-1AA2051F1729}.Debug|Any CPU.Build.0 = Debug|Any CPU
		{7DA85879-7672-466E-922F-1AA2051F1729}.Debug|x64.ActiveCfg = Debug|Any CPU
		{7DA85879-7672-466E-922F-1AA2051F1729}.Debug|x64.Build.0 = Debug|Any CPU
		{7DA85879-7672-466E-922F-1AA2051F1729}.Debug|x86.ActiveCfg = Debug|Any CPU
		{7DA85879-7672-466E-922F-1AA2051F1729}.Debug|x86.Build.0 = Debug|Any CPU
		{7DA85879-7672-466E-922F-1AA2051F1729}.Release|Any CPU.ActiveCfg = Release|Any CPU
		{7DA85879-7672-466E-922F-1AA2051F1729}.Release|Any CPU.Build.0 = Release|Any CPU
		{7DA85879-7672-466E-922F-1AA2051F1729}.Release|x64.ActiveCfg = Release|Any CPU
		{7DA85879-7672-466E-922F-1AA2051F1729}.Release|x64.Build.0 = Release|Any CPU
		{7DA85879-7672-466E-922F-1AA2051F1729}.Release|x86.ActiveCfg = Release|Any CPU
		{7DA85879-7672-466E-922F-1AA2051F1729}.Release|x86.Build.0 = Release|Any CPU
		{88AAEFE7-2950-46DB-A93D-AD0261BA9E6C}.Debug|Any CPU.ActiveCfg = Debug|Any CPU
		{88AAEFE7-2950-46DB-A93D-AD0261BA9E6C}.Debug|Any CPU.Build.0 = Debug|Any CPU
		{88AAEFE7-2950-46DB-A93D-AD0261BA9E6C}.Debug|x64.ActiveCfg = Debug|Any CPU
		{88AAEFE7-2950-46DB-A93D-AD0261BA9E6C}.Debug|x64.Build.0 = Debug|Any CPU
		{88AAEFE7-2950-46DB-A93D-AD0261BA9E6C}.Debug|x86.ActiveCfg = Debug|Any CPU
		{88AAEFE7-2950-46DB-A93D-AD0261BA9E6C}.Debug|x86.Build.0 = Debug|Any CPU
		{88AAEFE7-2950-46DB-A93D-AD0261BA9E6C}.Release|Any CPU.ActiveCfg = Release|Any CPU
		{88AAEFE7-2950-46DB-A93D-AD0261BA9E6C}.Release|Any CPU.Build.0 = Release|Any CPU
		{88AAEFE7-2950-46DB-A93D-AD0261BA9E6C}.Release|x64.ActiveCfg = Release|Any CPU
		{88AAEFE7-2950-46DB-A93D-AD0261BA9E6C}.Release|x64.Build.0 = Release|Any CPU
		{88AAEFE7-2950-46DB-A93D-AD0261BA9E6C}.Release|x86.ActiveCfg = Release|Any CPU
		{88AAEFE7-2950-46DB-A93D-AD0261BA9E6C}.Release|x86.Build.0 = Release|Any CPU
		{00D40FBE-2B01-4026-ACE2-B2A8C648EFA8}.Debug|Any CPU.ActiveCfg = Debug|Any CPU
		{00D40FBE-2B01-4026-ACE2-B2A8C648EFA8}.Debug|Any CPU.Build.0 = Debug|Any CPU
		{00D40FBE-2B01-4026-ACE2-B2A8C648EFA8}.Debug|x64.ActiveCfg = Debug|Any CPU
		{00D40FBE-2B01-4026-ACE2-B2A8C648EFA8}.Debug|x64.Build.0 = Debug|Any CPU
		{00D40FBE-2B01-4026-ACE2-B2A8C648EFA8}.Debug|x86.ActiveCfg = Debug|Any CPU
		{00D40FBE-2B01-4026-ACE2-B2A8C648EFA8}.Debug|x86.Build.0 = Debug|Any CPU
		{00D40FBE-2B01-4026-ACE2-B2A8C648EFA8}.Release|Any CPU.ActiveCfg = Release|Any CPU
		{00D40FBE-2B01-4026-ACE2-B2A8C648EFA8}.Release|Any CPU.Build.0 = Release|Any CPU
		{00D40FBE-2B01-4026-ACE2-B2A8C648EFA8}.Release|x64.ActiveCfg = Release|Any CPU
		{00D40FBE-2B01-4026-ACE2-B2A8C648EFA8}.Release|x64.Build.0 = Release|Any CPU
		{00D40FBE-2B01-4026-ACE2-B2A8C648EFA8}.Release|x86.ActiveCfg = Release|Any CPU
		{00D40FBE-2B01-4026-ACE2-B2A8C648EFA8}.Release|x86.Build.0 = Release|Any CPU
	EndGlobalSection
	GlobalSection(SolutionProperties) = preSolution
		HideSolutionNode = FALSE
	EndGlobalSection
	GlobalSection(NestedProjects) = preSolution
		{7DA85879-7672-466E-922F-1AA2051F1729} = {E8662E36-A896-4E82-A4CB-0D142E48A332}
		{88AAEFE7-2950-46DB-A93D-AD0261BA9E6C} = {E8662E36-A896-4E82-A4CB-0D142E48A332}
		{00D40FBE-2B01-4026-ACE2-B2A8C648EFA8} = {E8662E36-A896-4E82-A4CB-0D142E48A332}
	EndGlobalSection
	GlobalSection(ExtensibilityGlobals) = postSolution
		SolutionGuid = {97BB0FD9-CC0A-49EC-8796-CC843E103E82}
	EndGlobalSection
EndGlobal
